<?xml version="1.0" encoding="UTF-8" standalone="yes" ?>
<CodeBlocks_project_file>
	<FileVersion major="1" minor="6" />
	<Project>
		<Option title="Meta Engine SFML" />
		<Option pch_mode="2" />
		<Option compiler="gcc" />
		<Option virtualFolders="Game/;Stados/;Main/Map/;Procedural/;Engine/;Stados/Base/;Main/;Game/Map/;" />
		<Build>
			<Target title="Debug">
				<Option output="Meta_Engine_SFML" prefix_auto="1" extension_auto="1" />
				<Option object_output="obj/Debug/" />
				<Option type="1" />
				<Option compiler="gcc" />
				<Compiler>
					<Add option="-g" />
					<Add directory="include" />
				</Compiler>
			</Target>
			<Target title="Release">
				<Option output="bin/Release/Meta Engine SFML" prefix_auto="1" extension_auto="1" />
				<Option object_output="obj/Release/" />
				<Option type="1" />
				<Option compiler="gcc" />
				<Compiler>
					<Add option="-O2" />
					<Add directory="include" />
				</Compiler>
				<Linker>
					<Add option="-s" />
				</Linker>
			</Target>
		</Build>
		<Compiler>
			<Add option="-pedantic" />
			<Add option="-std=c++11" />
			<Add option="-Wall" />
		</Compiler>
		<Unit filename="include/Animation.h">
			<Option virtualFolder="Game/" />
		</Unit>
		<Unit filename="include/ConsoleInfo.h">
			<Option virtualFolder="Engine/" />
		</Unit>
		<Unit filename="include/DataHolder.h">
			<Option virtualFolder="Game/Map/" />
		</Unit>
		<Unit filename="include/Defines.h">
			<Option virtualFolder="Main/" />
		</Unit>
		<Unit filename="include/Entity.h">
			<Option virtualFolder="Game/" />
		</Unit>
		<Unit filename="include/GameManager.h">
			<Option virtualFolder="Stados/" />
		</Unit>
		<Unit filename="include/GameObject.h">
			<Option virtualFolder="Game/" />
		</Unit>
		<Unit filename="include/Item.h">
			<Option virtualFolder="Game/" />
		</Unit>
		<Unit filename="include/LuaManager.h">
			<Option virtualFolder="Engine/" />
		</Unit>
		<Unit filename="include/Map.h">
			<Option virtualFolder="Game/Map/" />
		</Unit>
		<Unit filename="include/MetaEngine.h">
			<Option virtualFolder="Engine/" />
		</Unit>
		<Unit filename="include/Player.h">
			<Option virtualFolder="Game/" />
		</Unit>
		<Unit filename="include/Procedural.h">
			<Option virtualFolder="Procedural/" />
		</Unit>
		<Unit filename="include/ResourceManager.h">
			<Option virtualFolder="Engine/" />
		</Unit>
		<Unit filename="include/State.h">
			<Option virtualFolder="Stados/Base/" />
		</Unit>
		<Unit filename="include/StateGame.h">
			<Option virtualFolder="Stados/" />
		</Unit>
		<Unit filename="include/StateMenu.h">
			<Option virtualFolder="Stados/" />
		</Unit>
		<Unit filename="include/TextureManager.h">
			<Option virtualFolder="Engine/" />
		</Unit>
		<Unit filename="include/Tile.h">
			<Option virtualFolder="Game/Map/" />
		</Unit>
		<Unit filename="src/Animation.cpp">
			<Option virtualFolder="Game/" />
		</Unit>
		<Unit filename="src/ConsoleInfo.cpp">
			<Option virtualFolder="Engine/" />
		</Unit>
		<Unit filename="src/DataHolder.cpp">
			<Option virtualFolder="Game/Map/" />
		</Unit>
		<Unit filename="src/Defines.cpp">
			<Option virtualFolder="Main/" />
		</Unit>
		<Unit filename="src/Entity.cpp">
			<Option virtualFolder="Game/" />
		</Unit>
		<Unit filename="src/GameManager.cpp">
			<Option virtualFolder="Stados/" />
		</Unit>
		<Unit filename="src/GameObject.cpp">
			<Option virtualFolder="Game/" />
		</Unit>
		<Unit filename="src/Item.cpp">
			<Option virtualFolder="Game/" />
		</Unit>
		<Unit filename="src/LuaManager.cpp">
			<Option virtualFolder="Engine/" />
		</Unit>
		<Unit filename="src/Main.cpp">
			<Option virtualFolder="Main/" />
		</Unit>
		<Unit filename="src/Map.cpp">
			<Option virtualFolder="Game/Map/" />
		</Unit>
		<Unit filename="src/MetaEngine.cpp">
			<Option virtualFolder="Engine/" />
		</Unit>
		<Unit filename="src/Player.cpp">
			<Option virtualFolder="Game/" />
		</Unit>
		<Unit filename="src/Procedural.cpp">
			<Option virtualFolder="Procedural/" />
		</Unit>
		<Unit filename="src/ResourceManager.cpp">
			<Option virtualFolder="Engine/" />
		</Unit>
		<Unit filename="src/State.cpp">
			<Option virtualFolder="Stados/Base/" />
		</Unit>
		<Unit filename="src/StateGame.cpp">
			<Option virtualFolder="Stados/" />
		</Unit>
		<Unit filename="src/StateMenu.cpp">
			<Option virtualFolder="Stados/" />
		</Unit>
		<Unit filename="src/TextureManager.cpp">
			<Option virtualFolder="Engine/" />
		</Unit>
		<Unit filename="src/Tile.cpp">
			<Option virtualFolder="Game/Map/" />
		</Unit>
		<Extensions>
			<code_completion />
			<debugger />
			<envvars />
		</Extensions>
	</Project>
</CodeBlocks_project_file>
