<?xml version="1.0" encoding="UTF-8" standalone="yes" ?>
<CodeBlocks_project_file>
	<FileVersion major="1" minor="6" />
	<Project>
		<Option title="Meta Engine SFML" />
		<Option pch_mode="2" />
		<Option compiler="gcc" />
		<Option virtualFolders="Stados/;Stados/Cenas/;Map/;Procedural/;Engine/;" />
		<Build>
			<Target title="Debug">
				<Option output="Meta_Engine_SFML" prefix_auto="1" extension_auto="1" />
				<Option object_output="obj/Debug/" />
				<Option type="1" />
				<Option compiler="gcc" />
				<Compiler>
					<Add option="-g" />
					<Add directory="include" />
				</Compiler>
			</Target>
			<Target title="Release">
				<Option output="bin/Release/Meta Engine SFML" prefix_auto="1" extension_auto="1" />
				<Option object_output="obj/Release/" />
				<Option type="1" />
				<Option compiler="gcc" />
				<Compiler>
					<Add option="-O2" />
					<Add directory="include" />
				</Compiler>
				<Linker>
					<Add option="-s" />
				</Linker>
			</Target>
		</Build>
		<Compiler>
			<Add option="-pedantic" />
			<Add option="-std=c++11" />
			<Add option="-Wall" />
		</Compiler>
		<Unit filename="include/Defines.h" />
		<Unit filename="include/Entity.h" />
		<Unit filename="include/GameManager.h">
			<Option virtualFolder="Stados/" />
		</Unit>
		<Unit filename="include/GameObject.h" />
		<Unit filename="include/InputManager.h" />
		<Unit filename="include/LuaManager.h" />
		<Unit filename="include/Map.h">
			<Option virtualFolder="Map/" />
		</Unit>
		<Unit filename="include/MetaEngine.h">
			<Option virtualFolder="Engine/" />
		</Unit>
		<Unit filename="include/PlayerBot.h" />
		<Unit filename="include/PlayerController.h" />
		<Unit filename="include/Procedural.h">
			<Option virtualFolder="Procedural/" />
		</Unit>
		<Unit filename="include/State.h">
			<Option virtualFolder="Stados/" />
		</Unit>
		<Unit filename="include/StateGame.h">
			<Option virtualFolder="Stados/Cenas/" />
		</Unit>
		<Unit filename="include/TextureManager.h">
			<Option virtualFolder="Engine/" />
		</Unit>
		<Unit filename="include/Tile.h">
			<Option virtualFolder="Map/" />
		</Unit>
		<Unit filename="src/Defines.cpp" />
		<Unit filename="src/Entity.cpp" />
		<Unit filename="src/GameManager.cpp">
			<Option virtualFolder="Stados/" />
		</Unit>
		<Unit filename="src/GameObject.cpp" />
		<Unit filename="src/InputManager.cpp" />
		<Unit filename="src/LuaManager.cpp" />
		<Unit filename="src/Main.cpp" />
		<Unit filename="src/Map.cpp">
			<Option virtualFolder="Map/" />
		</Unit>
		<Unit filename="src/MetaEngine.cpp">
			<Option virtualFolder="Engine/" />
		</Unit>
		<Unit filename="src/PlayerBot.cpp" />
		<Unit filename="src/PlayerController.cpp" />
		<Unit filename="src/Procedural.cpp">
			<Option virtualFolder="Procedural/" />
		</Unit>
		<Unit filename="src/State.cpp">
			<Option virtualFolder="Stados/" />
		</Unit>
		<Unit filename="src/StateGame.cpp">
			<Option virtualFolder="Stados/Cenas/" />
		</Unit>
		<Unit filename="src/TextureManager.cpp">
			<Option virtualFolder="Engine/" />
		</Unit>
		<Unit filename="src/Tile.cpp">
			<Option virtualFolder="Map/" />
		</Unit>
		<Extensions>
			<code_completion />
			<debugger />
			<envvars />
		</Extensions>
	</Project>
</CodeBlocks_project_file>
